
Microsoft Visual Studio Solution File, Format Version 12.00
# Visual Studio Version 17
VisualStudioVersion = 17.3.32825.248
MinimumVisualStudioVersion = 10.0.40219.1
Project("{D33C5C9A-962D-410D-9F3D-3D7D1DE1E6B4}") = "Harp.MultiPwm", "Harp.MultiPwm\Harp.MultiPwm.csproj", "{09B7B840-9FBD-494C-96F2-A3C16CB47CBA}"
EndProject
Global
	GlobalSection(SolutionConfigurationPlatforms) = preSolution
		Debug|Any CPU = Debug|Any CPU
		Release|Any CPU = Release|Any CPU
	EndGlobalSection
	GlobalSection(ProjectConfigurationPlatforms) = postSolution
		{09B7B840-9FBD-494C-96F2-A3C16CB47CBA}.Debug|Any CPU.ActiveCfg = Debug|Any CPU
		{09B7B840-9FBD-494C-96F2-A3C16CB47CBA}.Debug|Any CPU.Build.0 = Debug|Any CPU
		{09B7B840-9FBD-494C-96F2-A3C16CB47CBA}.Release|Any CPU.ActiveCfg = Release|Any CPU
		{09B7B840-9FBD-494C-96F2-A3C16CB47CBA}.Release|Any CPU.Build.0 = Release|Any CPU
	EndGlobalSection
	GlobalSection(SolutionProperties) = preSolution
		HideSolutionNode = FALSE
	EndGlobalSection
	GlobalSection(ExtensibilityGlobals) = postSolution
		SolutionGuid = {B7FB17CC-1CBE-4C8A-8153-C63C28A68785}
	EndGlobalSection
EndGlobal
